
Microsoft Visual Studio Solution File, Format Version 12.00
# Visual Studio Version 17
VisualStudioVersion = 17.1.32414.318
MinimumVisualStudioVersion = 10.0.40219.1
Project("{9A19103F-16F7-4668-BE54-9A1E7A4F7556}") = "FluentSetups.IntegrationTests", "FluentSetups.IntegrationTests\FluentSetups.IntegrationTests.csproj", "{F24EC104-98D1-41C9-81F1-4F5C6E0DB3FD}"
EndProject
Project("{2150E333-8FDC-42A3-9474-1A3956D46DE8}") = "Solution Items", "Solution Items", "{E7DEA3F5-C140-42F0-8B72-102639603466}"
	ProjectSection(SolutionItems) = preProject
		..\.github\workflows\buildAndTest.yml = ..\.github\workflows\buildAndTest.yml
		Directory.Build.props = Directory.Build.props
		Directory.Build.targets = Directory.Build.targets
	EndProjectSection
EndProject
Global
	GlobalSection(SolutionConfigurationPlatforms) = preSolution
		Debug|Any CPU = Debug|Any CPU
		Release|Any CPU = Release|Any CPU
	EndGlobalSection
	GlobalSection(ProjectConfigurationPlatforms) = postSolution
		{F24EC104-98D1-41C9-81F1-4F5C6E0DB3FD}.Debug|Any CPU.ActiveCfg = Debug|Any CPU
		{F24EC104-98D1-41C9-81F1-4F5C6E0DB3FD}.Debug|Any CPU.Build.0 = Debug|Any CPU
		{F24EC104-98D1-41C9-81F1-4F5C6E0DB3FD}.Release|Any CPU.ActiveCfg = Release|Any CPU
		{F24EC104-98D1-41C9-81F1-4F5C6E0DB3FD}.Release|Any CPU.Build.0 = Release|Any CPU
	EndGlobalSection
	GlobalSection(SolutionProperties) = preSolution
		HideSolutionNode = FALSE
	EndGlobalSection
	GlobalSection(ExtensibilityGlobals) = postSolution
		SolutionGuid = {9C43DE50-F20D-474C-B5DA-8F083F5ECDCA}
	EndGlobalSection
EndGlobal
